{
  "name": "js-library",
  "lockfileVersion": 3,
  "requires": true,
  "packages": {
    "": {
      "dependencies": {
        "@azure/msal-browser": "^3.11.0"
      }
    },
    "node_modules/@azure/msal-browser": {
      "version": "3.11.0",
      "resolved": "https://registry.npmjs.org/@azure/msal-browser/-/msal-browser-3.11.0.tgz",
      "integrity": "sha512-Xc0g1gdB2gdscPeuUGKmlGMgP1L/AWDeuxaToWkeautPdZqKvzeE82ggqLMctKZ0yq6e7F1XfGhUDCcUo7Db9w==",
      "dependencies": {
        "@azure/msal-common": "14.8.0"
      },
      "engines": {
        "node": ">=0.8.0"
      }
    },
    "node_modules/@azure/msal-common": {
      "version": "14.8.0",
      "resolved": "https://registry.npmjs.org/@azure/msal-common/-/msal-common-14.8.0.tgz",
      "integrity": "sha512-FIghuAzpgmc5ZAW2rCTAHKdhGcCRqg/UyroidTgGgSRrG1gOsEbUTW+7lmEFTz84ttCv5RnjOAUUi/SQjUTw0w==",
      "engines": {
        "node": ">=0.8.0"
      }
    }
  }
}
